// !$*UTF8*$!
{
	archiveVersion = 1;
	classes = {
	};
	objectVersion = 46;
	objects = {

/* Begin PBXBuildFile section */
		CBF64AD1184EB7D600F44262 /* Foundation.framework in Frameworks */ = {isa = PBXBuildFile; fileRef = CBF64AD0184EB7D600F44262 /* Foundation.framework */; };
		CBF64AD3184EB7D600F44262 /* CoreGraphics.framework in Frameworks */ = {isa = PBXBuildFile; fileRef = CBF64AD2184EB7D600F44262 /* CoreGraphics.framework */; };
		CBF64AD5184EB7D600F44262 /* UIKit.framework in Frameworks */ = {isa = PBXBuildFile; fileRef = CBF64AD4184EB7D600F44262 /* UIKit.framework */; };
		CBF64ADB184EB7D600F44262 /* InfoPlist.strings in Resources */ = {isa = PBXBuildFile; fileRef = CBF64AD9184EB7D600F44262 /* InfoPlist.strings */; };
		CBF64ADD184EB7D600F44262 /* main.m in Sources */ = {isa = PBXBuildFile; fileRef = CBF64ADC184EB7D600F44262 /* main.m */; };
		CBF64AE1184EB7D600F44262 /* AppDelegate.m in Sources */ = {isa = PBXBuildFile; fileRef = CBF64AE0184EB7D600F44262 /* AppDelegate.m */; };
		CBF64AE3184EB7D600F44262 /* Images.xcassets in Resources */ = {isa = PBXBuildFile; fileRef = CBF64AE2184EB7D600F44262 /* Images.xcassets */; };
		CBF64AEA184EB7D600F44262 /* XCTest.framework in Frameworks */ = {isa = PBXBuildFile; fileRef = CBF64AE9184EB7D600F44262 /* XCTest.framework */; };
		CBF64AEB184EB7D600F44262 /* Foundation.framework in Frameworks */ = {isa = PBXBuildFile; fileRef = CBF64AD0184EB7D600F44262 /* Foundation.framework */; };
		CBF64AEC184EB7D600F44262 /* UIKit.framework in Frameworks */ = {isa = PBXBuildFile; fileRef = CBF64AD4184EB7D600F44262 /* UIKit.framework */; };
		CBF64AF4184EB7D700F44262 /* InfoPlist.strings in Resources */ = {isa = PBXBuildFile; fileRef = CBF64AF2184EB7D600F44262 /* InfoPlist.strings */; };
		CBF64AF6184EB7D700F44262 /* Test_____demoTests.m in Sources */ = {isa = PBXBuildFile; fileRef = CBF64AF5184EB7D700F44262 /* Test_____demoTests.m */; };
		CBF64B01184EBA0500F44262 /* ViewController.m in Sources */ = {isa = PBXBuildFile; fileRef = CBF64B00184EBA0500F44262 /* ViewController.m */; };
		CBF64B04184EBA3A00F44262 /* GestureRecognizerView.m in Sources */ = {isa = PBXBuildFile; fileRef = CBF64B03184EBA3A00F44262 /* GestureRecognizerView.m */; };
		CBF64B06184EBF4F00F44262 /* 0.jpg in Resources */ = {isa = PBXBuildFile; fileRef = CBF64B05184EBF4F00F44262 /* 0.jpg */; };
/* End PBXBuildFile section */

/* Begin PBXContainerItemProxy section */
		CBF64AED184EB7D600F44262 /* PBXContainerItemProxy */ = {
			isa = PBXContainerItemProxy;
			containerPortal = CBF64AC5184EB7D600F44262 /* Project object */;
			proxyType = 1;
			remoteGlobalIDString = CBF64ACC184EB7D600F44262;
			remoteInfo = "Test_模拟手势demo";
		};
/* End PBXContainerItemProxy section */

/* Begin PBXFileReference section */
		CBF64ACD184EB7D600F44262 /* Test_模拟手势demo.app */ = {isa = PBXFileReference; explicitFileType = wrapper.application; includeInIndex = 0; path = "Test_模拟手势demo.app"; sourceTree = BUILT_PRODUCTS_DIR; };
		CBF64AD0184EB7D600F44262 /* Foundation.framework */ = {isa = PBXFileReference; lastKnownFileType = wrapper.framework; name = Foundation.framework; path = System/Library/Frameworks/Foundation.framework; sourceTree = SDKROOT; };
		CBF64AD2184EB7D600F44262 /* CoreGraphics.framework */ = {isa = PBXFileReference; lastKnownFileType = wrapper.framework; name = CoreGraphics.framework; path = System/Library/Frameworks/CoreGraphics.framework; sourceTree = SDKROOT; };
		CBF64AD4184EB7D600F44262 /* UIKit.framework */ = {isa = PBXFileReference; lastKnownFileType = wrapper.framework; name = UIKit.framework; path = System/Library/Frameworks/UIKit.framework; sourceTree = SDKROOT; };
		CBF64AD8184EB7D600F44262 /* Test_模拟手势demo-Info.plist */ = {isa = PBXFileReference; lastKnownFileType = text.plist.xml; path = "Test_模拟手势demo-Info.plist"; sourceTree = "<group>"; };
		CBF64ADA184EB7D600F44262 /* en */ = {isa = PBXFileReference; lastKnownFileType = text.plist.strings; name = en; path = en.lproj/InfoPlist.strings; sourceTree = "<group>"; };
		CBF64ADC184EB7D600F44262 /* main.m */ = {isa = PBXFileReference; lastKnownFileType = sourcecode.c.objc; path = main.m; sourceTree = "<group>"; };
		CBF64ADE184EB7D600F44262 /* Test_模拟手势demo-Prefix.pch */ = {isa = PBXFileReference; lastKnownFileType = sourcecode.c.h; path = "Test_模拟手势demo-Prefix.pch"; sourceTree = "<group>"; };
		CBF64ADF184EB7D600F44262 /* AppDelegate.h */ = {isa = PBXFileReference; lastKnownFileType = sourcecode.c.h; path = AppDelegate.h; sourceTree = "<group>"; };
		CBF64AE0184EB7D600F44262 /* AppDelegate.m */ = {isa = PBXFileReference; lastKnownFileType = sourcecode.c.objc; path = AppDelegate.m; sourceTree = "<group>"; };
		CBF64AE2184EB7D600F44262 /* Images.xcassets */ = {isa = PBXFileReference; lastKnownFileType = folder.assetcatalog; path = Images.xcassets; sourceTree = "<group>"; };
		CBF64AE8184EB7D600F44262 /* Test_模拟手势demoTests.xctest */ = {isa = PBXFileReference; explicitFileType = wrapper.cfbundle; includeInIndex = 0; path = "Test_模拟手势demoTests.xctest"; sourceTree = BUILT_PRODUCTS_DIR; };
		CBF64AE9184EB7D600F44262 /* XCTest.framework */ = {isa = PBXFileReference; lastKnownFileType = wrapper.framework; name = XCTest.framework; path = Library/Frameworks/XCTest.framework; sourceTree = DEVELOPER_DIR; };
		CBF64AF1184EB7D600F44262 /* Test_模拟手势demoTests-Info.plist */ = {isa = PBXFileReference; lastKnownFileType = text.plist.xml; path = "Test_模拟手势demoTests-Info.plist"; sourceTree = "<group>"; };
		CBF64AF3184EB7D600F44262 /* en */ = {isa = PBXFileReference; lastKnownFileType = text.plist.strings; name = en; path = en.lproj/InfoPlist.strings; sourceTree = "<group>"; };
		CBF64AF5184EB7D700F44262 /* Test_____demoTests.m */ = {isa = PBXFileReference; lastKnownFileType = sourcecode.c.objc; path = "Test_____demoTests.m"; sourceTree = "<group>"; };
		CBF64AFF184EBA0500F44262 /* ViewController.h */ = {isa = PBXFileReference; fileEncoding = 4; lastKnownFileType = sourcecode.c.h; path = ViewController.h; sourceTree = "<group>"; };
		CBF64B00184EBA0500F44262 /* ViewController.m */ = {isa = PBXFileReference; fileEncoding = 4; lastKnownFileType = sourcecode.c.objc; path = ViewController.m; sourceTree = "<group>"; };
		CBF64B02184EBA3A00F44262 /* GestureRecognizerView.h */ = {isa = PBXFileReference; fileEncoding = 4; lastKnownFileType = sourcecode.c.h; path = GestureRecognizerView.h; sourceTree = "<group>"; };
		CBF64B03184EBA3A00F44262 /* GestureRecognizerView.m */ = {isa = PBXFileReference; fileEncoding = 4; lastKnownFileType = sourcecode.c.objc; path = GestureRecognizerView.m; sourceTree = "<group>"; };
		CBF64B05184EBF4F00F44262 /* 0.jpg */ = {isa = PBXFileReference; lastKnownFileType = image.jpeg; path = 0.jpg; sourceTree = "<group>"; };
/* End PBXFileReference section */

/* Begin PBXFrameworksBuildPhase section */
		CBF64ACA184EB7D600F44262 /* Frameworks */ = {
			isa = PBXFrameworksBuildPhase;
			buildActionMask = 2147483647;
			files = (
				CBF64AD3184EB7D600F44262 /* CoreGraphics.framework in Frameworks */,
				CBF64AD5184EB7D600F44262 /* UIKit.framework in Frameworks */,
				CBF64AD1184EB7D600F44262 /* Foundation.framework in Frameworks */,
			);
			runOnlyForDeploymentPostprocessing = 0;
		};
		CBF64AE5184EB7D600F44262 /* Frameworks */ = {
			isa = PBXFrameworksBuildPhase;
			buildActionMask = 2147483647;
			files = (
				CBF64AEA184EB7D600F44262 /* XCTest.framework in Frameworks */,
				CBF64AEC184EB7D600F44262 /* UIKit.framework in Frameworks */,
				CBF64AEB184EB7D600F44262 /* Foundation.framework in Frameworks */,
			);
			runOnlyForDeploymentPostprocessing = 0;
		};
/* End PBXFrameworksBuildPhase section */

/* Begin PBXGroup section */
		CBF64AC4184EB7D600F44262 = {
			isa = PBXGroup;
			children = (
				CBF64AD6184EB7D600F44262 /* Test_模拟手势demo */,
				CBF64AEF184EB7D600F44262 /* Test_模拟手势demoTests */,
				CBF64ACF184EB7D600F44262 /* Frameworks */,
				CBF64ACE184EB7D600F44262 /* Products */,
			);
			sourceTree = "<group>";
		};
		CBF64ACE184EB7D600F44262 /* Products */ = {
			isa = PBXGroup;
			children = (
				CBF64ACD184EB7D600F44262 /* Test_模拟手势demo.app */,
				CBF64AE8184EB7D600F44262 /* Test_模拟手势demoTests.xctest */,
			);
			name = Products;
			sourceTree = "<group>";
		};
		CBF64ACF184EB7D600F44262 /* Frameworks */ = {
			isa = PBXGroup;
			children = (
				CBF64AD0184EB7D600F44262 /* Foundation.framework */,
				CBF64AD2184EB7D600F44262 /* CoreGraphics.framework */,
				CBF64AD4184EB7D600F44262 /* UIKit.framework */,
				CBF64AE9184EB7D600F44262 /* XCTest.framework */,
			);
			name = Frameworks;
			sourceTree = "<group>";
		};
		CBF64AD6184EB7D600F44262 /* Test_模拟手势demo */ = {
			isa = PBXGroup;
			children = (
				CBF64B05184EBF4F00F44262 /* 0.jpg */,
				CBF64ADF184EB7D600F44262 /* AppDelegate.h */,
				CBF64AE0184EB7D600F44262 /* AppDelegate.m */,
				CBF64AE2184EB7D600F44262 /* Images.xcassets */,
				CBF64AD7184EB7D600F44262 /* Supporting Files */,
				CBF64AFF184EBA0500F44262 /* ViewController.h */,
				CBF64B00184EBA0500F44262 /* ViewController.m */,
				CBF64B02184EBA3A00F44262 /* GestureRecognizerView.h */,
				CBF64B03184EBA3A00F44262 /* GestureRecognizerView.m */,
			);
			path = "Test_模拟手势demo";
			sourceTree = "<group>";
		};
		CBF64AD7184EB7D600F44262 /* Supporting Files */ = {
			isa = PBXGroup;
			children = (
				CBF64AD8184EB7D600F44262 /* Test_模拟手势demo-Info.plist */,
				CBF64AD9184EB7D600F44262 /* InfoPlist.strings */,
				CBF64ADC184EB7D600F44262 /* main.m */,
				CBF64ADE184EB7D600F44262 /* Test_模拟手势demo-Prefix.pch */,
			);
			name = "Supporting Files";
			sourceTree = "<group>";
		};
		CBF64AEF184EB7D600F44262 /* Test_模拟手势demoTests */ = {
			isa = PBXGroup;
			children = (
				CBF64AF5184EB7D700F44262 /* Test_____demoTests.m */,
				CBF64AF0184EB7D600F44262 /* Supporting Files */,
			);
			path = "Test_模拟手势demoTests";
			sourceTree = "<group>";
		};
		CBF64AF0184EB7D600F44262 /* Supporting Files */ = {
			isa = PBXGroup;
			children = (
				CBF64AF1184EB7D600F44262 /* Test_模拟手势demoTests-Info.plist */,
				CBF64AF2184EB7D600F44262 /* InfoPlist.strings */,
			);
			name = "Supporting Files";
			sourceTree = "<group>";
		};
/* End PBXGroup section */

/* Begin PBXNativeTarget section */
		CBF64ACC184EB7D600F44262 /* Test_模拟手势demo */ = {
			isa = PBXNativeTarget;
			buildConfigurationList = CBF64AF9184EB7D700F44262 /* Build configuration list for PBXNativeTarget "Test_模拟手势demo" */;
			buildPhases = (
				CBF64AC9184EB7D600F44262 /* Sources */,
				CBF64ACA184EB7D600F44262 /* Frameworks */,
				CBF64ACB184EB7D600F44262 /* Resources */,
			);
			buildRules = (
			);
			dependencies = (
			);
			name = "Test_模拟手势demo";
			productName = "Test_模拟手势demo";
			productReference = CBF64ACD184EB7D600F44262 /* Test_模拟手势demo.app */;
			productType = "com.apple.product-type.application";
		};
		CBF64AE7184EB7D600F44262 /* Test_模拟手势demoTests */ = {
			isa = PBXNativeTarget;
			buildConfigurationList = CBF64AFC184EB7D700F44262 /* Build configuration list for PBXNativeTarget "Test_模拟手势demoTests" */;
			buildPhases = (
				CBF64AE4184EB7D600F44262 /* Sources */,
				CBF64AE5184EB7D600F44262 /* Frameworks */,
				CBF64AE6184EB7D600F44262 /* Resources */,
			);
			buildRules = (
			);
			dependencies = (
				CBF64AEE184EB7D600F44262 /* PBXTargetDependency */,
			);
			name = "Test_模拟手势demoTests";
			productName = "Test_模拟手势demoTests";
			productReference = CBF64AE8184EB7D600F44262 /* Test_模拟手势demoTests.xctest */;
			productType = "com.apple.product-type.bundle.unit-test";
		};
/* End PBXNativeTarget section */

/* Begin PBXProject section */
		CBF64AC5184EB7D600F44262 /* Project object */ = {
			isa = PBXProject;
			attributes = {
				LastUpgradeCheck = 0500;
				ORGANIZATIONNAME = SunSet;
				TargetAttributes = {
					CBF64AE7184EB7D600F44262 = {
						TestTargetID = CBF64ACC184EB7D600F44262;
					};
				};
			};
			buildConfigurationList = CBF64AC8184EB7D600F44262 /* Build configuration list for PBXProject "Test_模拟手势demo" */;
			compatibilityVersion = "Xcode 3.2";
			developmentRegion = English;
			hasScannedForEncodings = 0;
			knownRegions = (
				en,
			);
			mainGroup = CBF64AC4184EB7D600F44262;
			productRefGroup = CBF64ACE184EB7D600F44262 /* Products */;
			projectDirPath = "";
			projectRoot = "";
			targets = (
				CBF64ACC184EB7D600F44262 /* Test_模拟手势demo */,
				CBF64AE7184EB7D600F44262 /* Test_模拟手势demoTests */,
			);
		};
/* End PBXProject section */

/* Begin PBXResourcesBuildPhase section */
		CBF64ACB184EB7D600F44262 /* Resources */ = {
			isa = PBXResourcesBuildPhase;
			buildActionMask = 2147483647;
			files = (
				CBF64B06184EBF4F00F44262 /* 0.jpg in Resources */,
				CBF64ADB184EB7D600F44262 /* InfoPlist.strings in Resources */,
				CBF64AE3184EB7D600F44262 /* Images.xcassets in Resources */,
			);
			runOnlyForDeploymentPostprocessing = 0;
		};
		CBF64AE6184EB7D600F44262 /* Resources */ = {
			isa = PBXResourcesBuildPhase;
			buildActionMask = 2147483647;
			files = (
				CBF64AF4184EB7D700F44262 /* InfoPlist.strings in Resources */,
			);
			runOnlyForDeploymentPostprocessing = 0;
		};
/* End PBXResourcesBuildPhase section */

/* Begin PBXSourcesBuildPhase section */
		CBF64AC9184EB7D600F44262 /* Sources */ = {
			isa = PBXSourcesBuildPhase;
			buildActionMask = 2147483647;
			files = (
				CBF64B04184EBA3A00F44262 /* GestureRecognizerView.m in Sources */,
				CBF64B01184EBA0500F44262 /* ViewController.m in Sources */,
				CBF64AE1184EB7D600F44262 /* AppDelegate.m in Sources */,
				CBF64ADD184EB7D600F44262 /* main.m in Sources */,
			);
			runOnlyForDeploymentPostprocessing = 0;
		};
		CBF64AE4184EB7D600F44262 /* Sources */ = {
			isa = PBXSourcesBuildPhase;
			buildActionMask = 2147483647;
			files = (
				CBF64AF6184EB7D700F44262 /* Test_____demoTests.m in Sources */,
			);
			runOnlyForDeploymentPostprocessing = 0;
		};
/* End PBXSourcesBuildPhase section */

/* Begin PBXTargetDependency section */
		CBF64AEE184EB7D600F44262 /* PBXTargetDependency */ = {
			isa = PBXTargetDependency;
			target = CBF64ACC184EB7D600F44262 /* Test_模拟手势demo */;
			targetProxy = CBF64AED184EB7D600F44262 /* PBXContainerItemProxy */;
		};
/* End PBXTargetDependency section */

/* Begin PBXVariantGroup section */
		CBF64AD9184EB7D600F44262 /* InfoPlist.strings */ = {
			isa = PBXVariantGroup;
			children = (
				CBF64ADA184EB7D600F44262 /* en */,
			);
			name = InfoPlist.strings;
			sourceTree = "<group>";
		};
		CBF64AF2184EB7D600F44262 /* InfoPlist.strings */ = {
			isa = PBXVariantGroup;
			children = (
				CBF64AF3184EB7D600F44262 /* en */,
			);
			name = InfoPlist.strings;
			sourceTree = "<group>";
		};
/* End PBXVariantGroup section */

/* Begin XCBuildConfiguration section */
		CBF64AF7184EB7D700F44262 /* Debug */ = {
			isa = XCBuildConfiguration;
			buildSettings = {
				ALWAYS_SEARCH_USER_PATHS = NO;
				ARCHS = "$(ARCHS_STANDARD_INCLUDING_64_BIT)";
				CLANG_CXX_LANGUAGE_STANDARD = "gnu++0x";
				CLANG_CXX_LIBRARY = "libc++";
				CLANG_ENABLE_MODULES = YES;
				CLANG_ENABLE_OBJC_ARC = NO;
				CLANG_WARN_BOOL_CONVERSION = YES;
				CLANG_WARN_CONSTANT_CONVERSION = YES;
				CLANG_WARN_DIRECT_OBJC_ISA_USAGE = YES_ERROR;
				CLANG_WARN_EMPTY_BODY = YES;
				CLANG_WARN_ENUM_CONVERSION = YES;
				CLANG_WARN_INT_CONVERSION = YES;
				CLANG_WARN_OBJC_ROOT_CLASS = YES_ERROR;
				CLANG_WARN__DUPLICATE_METHOD_MATCH = YES;
				"CODE_SIGN_IDENTITY[sdk=iphoneos*]" = "iPhone Developer";
				COPY_PHASE_STRIP = NO;
				GCC_C_LANGUAGE_STANDARD = gnu99;
				GCC_DYNAMIC_NO_PIC = NO;
				GCC_OPTIMIZATION_LEVEL = 0;
				GCC_PREPROCESSOR_DEFINITIONS = (
					"DEBUG=1",
					"$(inherited)",
				);
				GCC_SYMBOLS_PRIVATE_EXTERN = NO;
				GCC_WARN_64_TO_32_BIT_CONVERSION = YES;
				GCC_WARN_ABOUT_RETURN_TYPE = YES_ERROR;
				GCC_WARN_UNDECLARED_SELECTOR = YES;
				GCC_WARN_UNINITIALIZED_AUTOS = YES;
				GCC_WARN_UNUSED_FUNCTION = YES;
				GCC_WARN_UNUSED_VARIABLE = YES;
				IPHONEOS_DEPLOYMENT_TARGET = 5.0;
				ONLY_ACTIVE_ARCH = YES;
				SDKROOT = iphoneos;
			};
			name = Debug;
		};
		CBF64AF8184EB7D700F44262 /* Release */ = {
			isa = XCBuildConfiguration;
			buildSettings = {
				ALWAYS_SEARCH_USER_PATHS = NO;
				ARCHS = "$(ARCHS_STANDARD_INCLUDING_64_BIT)";
				CLANG_CXX_LANGUAGE_STANDARD = "gnu++0x";
				CLANG_CXX_LIBRARY = "libc++";
				CLANG_ENABLE_MODULES = YES;
				CLANG_ENABLE_OBJC_ARC = NO;
				CLANG_WARN_BOOL_CONVERSION = YES;
				CLANG_WARN_CONSTANT_CONVERSION = YES;
				CLANG_WARN_DIRECT_OBJC_ISA_USAGE = YES_ERROR;
				CLANG_WARN_EMPTY_BODY = YES;
				CLANG_WARN_ENUM_CONVERSION = YES;
				CLANG_WARN_INT_CONVERSION = YES;
				CLANG_WARN_OBJC_ROOT_CLASS = YES_ERROR;
				CLANG_WARN__DUPLICATE_METHOD_MATCH = YES;
				"CODE_SIGN_IDENTITY[sdk=iphoneos*]" = "iPhone Developer";
				COPY_PHASE_STRIP = YES;
				ENABLE_NS_ASSERTIONS = NO;
				GCC_C_LANGUAGE_STANDARD = gnu99;
				GCC_WARN_64_TO_32_BIT_CONVERSION = YES;
				GCC_WARN_ABOUT_RETURN_TYPE = YES_ERROR;
				GCC_WARN_UNDECLARED_SELECTOR = YES;
				GCC_WARN_UNINITIALIZED_AUTOS = YES;
				GCC_WARN_UNUSED_FUNCTION = YES;
				GCC_WARN_UNUSED_VARIABLE = YES;
				IPHONEOS_DEPLOYMENT_TARGET = 5.0;
				SDKROOT = iphoneos;
				VALIDATE_PRODUCT = YES;
			};
			name = Release;
		};
		CBF64AFA184EB7D700F44262 /* Debug */ = {
			isa = XCBuildConfiguration;
			buildSettings = {
				ASSETCATALOG_COMPILER_APPICON_NAME = AppIcon;
				ASSETCATALOG_COMPILER_LAUNCHIMAGE_NAME = LaunchImage;
				GCC_PRECOMPILE_PREFIX_HEADER = YES;
				GCC_PREFIX_HEADER = "Test_模拟手势demo/Test_模拟手势demo-Prefix.pch";
				INFOPLIST_FILE = "Test_模拟手势demo/Test_模拟手势demo-Info.plist";
				PRODUCT_NAME = "$(TARGET_NAME)";
				WRAPPER_EXTENSION = app;
			};
			name = Debug;
		};
		CBF64AFB184EB7D700F44262 /* Release */ = {
			isa = XCBuildConfiguration;
			buildSettings = {
				ASSETCATALOG_COMPILER_APPICON_NAME = AppIcon;
				ASSETCATALOG_COMPILER_LAUNCHIMAGE_NAME = LaunchImage;
				GCC_PRECOMPILE_PREFIX_HEADER = YES;
				GCC_PREFIX_HEADER = "Test_模拟手势demo/Test_模拟手势demo-Prefix.pch";
				INFOPLIST_FILE = "Test_模拟手势demo/Test_模拟手势demo-Info.plist";
				PRODUCT_NAME = "$(TARGET_NAME)";
				WRAPPER_EXTENSION = app;
			};
			name = Release;
		};
		CBF64AFD184EB7D700F44262 /* Debug */ = {
			isa = XCBuildConfiguration;
			buildSettings = {
				ARCHS = "$(ARCHS_STANDARD_INCLUDING_64_BIT)";
				BUNDLE_LOADER = "$(BUILT_PRODUCTS_DIR)/Test_模拟手势demo.app/Test_模拟手势demo";
				FRAMEWORK_SEARCH_PATHS = (
					"$(SDKROOT)/Developer/Library/Frameworks",
					"$(inherited)",
					"$(DEVELOPER_FRAMEWORKS_DIR)",
				);
				GCC_PRECOMPILE_PREFIX_HEADER = YES;
				GCC_PREFIX_HEADER = "Test_模拟手势demo/Test_模拟手势demo-Prefix.pch";
				GCC_PREPROCESSOR_DEFINITIONS = (
					"DEBUG=1",
					"$(inherited)",
				);
				INFOPLIST_FILE = "Test_模拟手势demoTests/Test_模拟手势demoTests-Info.plist";
				PRODUCT_NAME = "$(TARGET_NAME)";
				TEST_HOST = "$(BUNDLE_LOADER)";
				WRAPPER_EXTENSION = xctest;
			};
			name = Debug;
		};
		CBF64AFE184EB7D700F44262 /* Release */ = {
			isa = XCBuildConfiguration;
			buildSettings = {
				ARCHS = "$(ARCHS_STANDARD_INCLUDING_64_BIT)";
				BUNDLE_LOADER = "$(BUILT_PRODUCTS_DIR)/Test_模拟手势demo.app/Test_模拟手势demo";
				FRAMEWORK_SEARCH_PATHS = (
					"$(SDKROOT)/Developer/Library/Frameworks",
					"$(inherited)",
					"$(DEVELOPER_FRAMEWORKS_DIR)",
				);
				GCC_PRECOMPILE_PREFIX_HEADER = YES;
				GCC_PREFIX_HEADER = "Test_模拟手势demo/Test_模拟手势demo-Prefix.pch";
				INFOPLIST_FILE = "Test_模拟手势demoTests/Test_模拟手势demoTests-Info.plist";
				PRODUCT_NAME = "$(TARGET_NAME)";
				TEST_HOST = "$(BUNDLE_LOADER)";
				WRAPPER_EXTENSION = xctest;
			};
			name = Release;
		};
/* End XCBuildConfiguration section */

/* Begin XCConfigurationList section */
		CBF64AC8184EB7D600F44262 /* Build configuration list for PBXProject "Test_模拟手势demo" */ = {
			isa = XCConfigurationList;
			buildConfigurations = (
				CBF64AF7184EB7D700F44262 /* Debug */,
				CBF64AF8184EB7D700F44262 /* Release */,
			);
			defaultConfigurationIsVisible = 0;
			defaultConfigurationName = Release;
		};
		CBF64AF9184EB7D700F44262 /* Build configuration list for PBXNativeTarget "Test_模拟手势demo" */ = {
			isa = XCConfigurationList;
			buildConfigurations = (
				CBF64AFA184EB7D700F44262 /* Debug */,
				CBF64AFB184EB7D700F44262 /* Release */,
			);
			defaultConfigurationIsVisible = 0;
		};
		CBF64AFC184EB7D700F44262 /* Build configuration list for PBXNativeTarget "Test_模拟手势demoTests" */ = {
			isa = XCConfigurationList;
			buildConfigurations = (
				CBF64AFD184EB7D700F44262 /* Debug */,
				CBF64AFE184EB7D700F44262 /* Release */,
			);
			defaultConfigurationIsVisible = 0;
		};
/* End XCConfigurationList section */
	};
	rootObject = CBF64AC5184EB7D600F44262 /* Project object */;
}
